
Microsoft Visual Studio Solution File, Format Version 12.00
# Visual Studio Version 16
VisualStudioVersion = 16.0.29409.12
MinimumVisualStudioVersion = 10.0.40219.1
Project("{9A19103F-16F7-4668-BE54-9A1E7A4F7556}") = "Gehtsoft.Northwind", "Gehtsoft.Northwind\Gehtsoft.Northwind.csproj", "{D8B7C042-7AD6-4601-B42A-69B09D61F520}"
EndProject
Project("{9A19103F-16F7-4668-BE54-9A1E7A4F7556}") = "Gehtsoft.Northwind.Data", "Gehtsoft.Northwind.Data\Gehtsoft.Northwind.Data.csproj", "{C8B5289A-9845-442C-8649-2A8AA2C642AF}"
EndProject
Global
	GlobalSection(SolutionConfigurationPlatforms) = preSolution
		Debug|Any CPU = Debug|Any CPU
		Release|Any CPU = Release|Any CPU
	EndGlobalSection
	GlobalSection(ProjectConfigurationPlatforms) = postSolution
		{D8B7C042-7AD6-4601-B42A-69B09D61F520}.Debug|Any CPU.ActiveCfg = Debug|Any CPU
		{D8B7C042-7AD6-4601-B42A-69B09D61F520}.Debug|Any CPU.Build.0 = Debug|Any CPU
		{D8B7C042-7AD6-4601-B42A-69B09D61F520}.Release|Any CPU.ActiveCfg = Release|Any CPU
		{D8B7C042-7AD6-4601-B42A-69B09D61F520}.Release|Any CPU.Build.0 = Release|Any CPU
		{C8B5289A-9845-442C-8649-2A8AA2C642AF}.Debug|Any CPU.ActiveCfg = Debug|Any CPU
		{C8B5289A-9845-442C-8649-2A8AA2C642AF}.Debug|Any CPU.Build.0 = Debug|Any CPU
		{C8B5289A-9845-442C-8649-2A8AA2C642AF}.Release|Any CPU.ActiveCfg = Release|Any CPU
		{C8B5289A-9845-442C-8649-2A8AA2C642AF}.Release|Any CPU.Build.0 = Release|Any CPU
	EndGlobalSection
	GlobalSection(SolutionProperties) = preSolution
		HideSolutionNode = FALSE
	EndGlobalSection
	GlobalSection(ExtensibilityGlobals) = postSolution
		        SolutionGuid = {80DECEFF-9B35-487F-B421-4C830E4DD247}
		                        SolutionGuid = {5AFA782D-9953-4D2A-929E-A1AB0EDEAD11}
		                                        SolutionGuid = {F0519E4F-B015-4BFD-B20E-5DF30C4DB2D5}
		                                                        SolutionGuid = {259F36B7-318C-4C2E-AC97-35FB29062F96}
		                                                                SolutionGuid = {33200B68-F0A7-47BE-9669-34094286A9ED}
		                                                SolutionGuid = {93B56E1C-FF41-4FBD-8986-5F6FC03982EA}
		                                SolutionGuid = {5C4F4863-A166-415F-9DB6-DC653856865D}
		                SolutionGuid = {4570E860-0909-4352-BCCE-0422D837FF72}
		SolutionGuid = {442D86F6-03B1-4DFA-B286-EB228BCB750D}
	EndGlobalSection
EndGlobal
